// !$*UTF8*$!
{
	archiveVersion = 1;
	classes = {
	};
	objectVersion = 50;
	objects = {

/* Begin PBXBuildFile section */
		F46A23B42754D07C001CC3F4 /* boardVM.swift in Sources */ = {isa = PBXBuildFile; fileRef = F46A23B32754D07C001CC3F4 /* boardVM.swift */; };
		F4E457612748B93700FDA8B3 /* connectFourApp.swift in Sources */ = {isa = PBXBuildFile; fileRef = F4E457602748B93700FDA8B3 /* connectFourApp.swift */; };
		F4E457632748B93700FDA8B3 /* ContentView.swift in Sources */ = {isa = PBXBuildFile; fileRef = F4E457622748B93700FDA8B3 /* ContentView.swift */; };
		F4E457652748B93800FDA8B3 /* Assets.xcassets in Resources */ = {isa = PBXBuildFile; fileRef = F4E457642748B93800FDA8B3 /* Assets.xcassets */; };
		F4E457682748B93800FDA8B3 /* Preview Assets.xcassets in Resources */ = {isa = PBXBuildFile; fileRef = F4E457672748B93800FDA8B3 /* Preview Assets.xcassets */; };
		F4E457712748B97E00FDA8B3 /* BoardView.swift in Sources */ = {isa = PBXBuildFile; fileRef = F4E457702748B97E00FDA8B3 /* BoardView.swift */; };
/* End PBXBuildFile section */

/* Begin PBXFileReference section */
		F46A23B32754D07C001CC3F4 /* boardVM.swift */ = {isa = PBXFileReference; lastKnownFileType = sourcecode.swift; path = boardVM.swift; sourceTree = "<group>"; };
		F4E4575D2748B93700FDA8B3 /* connectFour.app */ = {isa = PBXFileReference; explicitFileType = wrapper.application; includeInIndex = 0; path = connectFour.app; sourceTree = BUILT_PRODUCTS_DIR; };
		F4E457602748B93700FDA8B3 /* connectFourApp.swift */ = {isa = PBXFileReference; lastKnownFileType = sourcecode.swift; path = connectFourApp.swift; sourceTree = "<group>"; };
		F4E457622748B93700FDA8B3 /* ContentView.swift */ = {isa = PBXFileReference; lastKnownFileType = sourcecode.swift; path = ContentView.swift; sourceTree = "<group>"; };
		F4E457642748B93800FDA8B3 /* Assets.xcassets */ = {isa = PBXFileReference; lastKnownFileType = folder.assetcatalog; path = Assets.xcassets; sourceTree = "<group>"; };
		F4E457672748B93800FDA8B3 /* Preview Assets.xcassets */ = {isa = PBXFileReference; lastKnownFileType = folder.assetcatalog; path = "Preview Assets.xcassets"; sourceTree = "<group>"; };
		F4E457692748B93800FDA8B3 /* Info.plist */ = {isa = PBXFileReference; lastKnownFileType = text.plist.xml; path = Info.plist; sourceTree = "<group>"; };
		F4E457702748B97E00FDA8B3 /* BoardView.swift */ = {isa = PBXFileReference; lastKnownFileType = sourcecode.swift; path = BoardView.swift; sourceTree = "<group>"; xcLanguageSpecificationIdentifier = xcode.lang.swift; };
/* End PBXFileReference section */

/* Begin PBXFrameworksBuildPhase section */
		F4E4575A2748B93700FDA8B3 /* Frameworks */ = {
			isa = PBXFrameworksBuildPhase;
			buildActionMask = 2147483647;
			files = (
			);
			runOnlyForDeploymentPostprocessing = 0;
		};
/* End PBXFrameworksBuildPhase section */

/* Begin PBXGroup section */
		F4E457542748B93700FDA8B3 = {
			isa = PBXGroup;
			children = (
				F4E4575F2748B93700FDA8B3 /* connectFour */,
				F4E4575E2748B93700FDA8B3 /* Products */,
			);
			sourceTree = "<group>";
		};
		F4E4575E2748B93700FDA8B3 /* Products */ = {
			isa = PBXGroup;
			children = (
				F4E4575D2748B93700FDA8B3 /* connectFour.app */,
			);
			name = Products;
			sourceTree = "<group>";
		};
		F4E4575F2748B93700FDA8B3 /* connectFour */ = {
			isa = PBXGroup;
			children = (
				F4E457602748B93700FDA8B3 /* connectFourApp.swift */,
				F4E457622748B93700FDA8B3 /* ContentView.swift */,
				F4E457702748B97E00FDA8B3 /* BoardView.swift */,
				F46A23B32754D07C001CC3F4 /* boardVM.swift */,
				F4E457642748B93800FDA8B3 /* Assets.xcassets */,
				F4E457692748B93800FDA8B3 /* Info.plist */,
				F4E457662748B93800FDA8B3 /* Preview Content */,
			);
			path = connectFour;
			sourceTree = "<group>";
		};
		F4E457662748B93800FDA8B3 /* Preview Content */ = {
			isa = PBXGroup;
			children = (
				F4E457672748B93800FDA8B3 /* Preview Assets.xcassets */,
			);
			path = "Preview Content";
			sourceTree = "<group>";
		};
/* End PBXGroup section */

/* Begin PBXNativeTarget section */
		F4E4575C2748B93700FDA8B3 /* connectFour */ = {
			isa = PBXNativeTarget;
			buildConfigurationList = F4E4576C2748B93800FDA8B3 /* Build configuration list for PBXNativeTarget "connectFour" */;
			buildPhases = (
				F4E457592748B93700FDA8B3 /* Sources */,
				F4E4575A2748B93700FDA8B3 /* Frameworks */,
				F4E4575B2748B93700FDA8B3 /* Resources */,
			);
			buildRules = (
			);
			dependencies = (
			);
			name = connectFour;
			productName = connectFour;
			productReference = F4E4575D2748B93700FDA8B3 /* connectFour.app */;
			productType = "com.apple.product-type.application";
		};
/* End PBXNativeTarget section */

/* Begin PBXProject section */
		F4E457552748B93700FDA8B3 /* Project object */ = {
			isa = PBXProject;
			attributes = {
				LastSwiftUpdateCheck = 1210;
				LastUpgradeCheck = 1210;
				TargetAttributes = {
					F4E4575C2748B93700FDA8B3 = {
						CreatedOnToolsVersion = 12.1;
					};
				};
			};
			buildConfigurationList = F4E457582748B93700FDA8B3 /* Build configuration list for PBXProject "connectFour" */;
			compatibilityVersion = "Xcode 9.3";
			developmentRegion = en;
			hasScannedForEncodings = 0;
			knownRegions = (
				en,
				Base,
			);
			mainGroup = F4E457542748B93700FDA8B3;
			productRefGroup = F4E4575E2748B93700FDA8B3 /* Products */;
			projectDirPath = "";
			projectRoot = "";
			targets = (
				F4E4575C2748B93700FDA8B3 /* connectFour */,
			);
		};
/* End PBXProject section */

/* Begin PBXResourcesBuildPhase section */
		F4E4575B2748B93700FDA8B3 /* Resources */ = {
			isa = PBXResourcesBuildPhase;
			buildActionMask = 2147483647;
			files = (
				F4E457682748B93800FDA8B3 /* Preview Assets.xcassets in Resources */,
				F4E457652748B93800FDA8B3 /* Assets.xcassets in Resources */,
			);
			runOnlyForDeploymentPostprocessing = 0;
		};
/* End PBXResourcesBuildPhase section */

/* Begin PBXSourcesBuildPhase section */
		F4E457592748B93700FDA8B3 /* Sources */ = {
			isa = PBXSourcesBuildPhase;
			buildActionMask = 2147483647;
			files = (
				F4E457712748B97E00FDA8B3 /* BoardView.swift in Sources */,
				F4E457632748B93700FDA8B3 /* ContentView.swift in Sources */,
				F4E457612748B93700FDA8B3 /* connectFourApp.swift in Sources */,
				F46A23B42754D07C001CC3F4 /* boardVM.swift in Sources */,
			);
			runOnlyForDeploymentPostprocessing = 0;
		};
/* End PBXSourcesBuildPhase section */

/* Begin XCBuildConfiguration section */
		F4E4576A2748B93800FDA8B3 /* Debug */ = {
			isa = XCBuildConfiguration;
			buildSettings = {
				ALWAYS_SEARCH_USER_PATHS = NO;
				CLANG_ANALYZER_NONNULL = YES;
				CLANG_ANALYZER_NUMBER_OBJECT_CONVERSION = YES_AGGRESSIVE;
				CLANG_CXX_LANGUAGE_STANDARD = "gnu++14";
				CLANG_CXX_LIBRARY = "libc++";
				CLANG_ENABLE_MODULES = YES;
				CLANG_ENABLE_OBJC_ARC = YES;
				CLANG_ENABLE_OBJC_WEAK = YES;
				CLANG_WARN_BLOCK_CAPTURE_AUTORELEASING = YES;
				CLANG_WARN_BOOL_CONVERSION = YES;
				CLANG_WARN_COMMA = YES;
				CLANG_WARN_CONSTANT_CONVERSION = YES;
				CLANG_WARN_DEPRECATED_OBJC_IMPLEMENTATIONS = YES;
				CLANG_WARN_DIRECT_OBJC_ISA_USAGE = YES_ERROR;
				CLANG_WARN_DOCUMENTATION_COMMENTS = YES;
				CLANG_WARN_EMPTY_BODY = YES;
				CLANG_WARN_ENUM_CONVERSION = YES;
				CLANG_WARN_INFINITE_RECURSION = YES;
				CLANG_WARN_INT_CONVERSION = YES;
				CLANG_WARN_NON_LITERAL_NULL_CONVERSION = YES;
				CLANG_WARN_OBJC_IMPLICIT_RETAIN_SELF = YES;
				CLANG_WARN_OBJC_LITERAL_CONVERSION = YES;
				CLANG_WARN_OBJC_ROOT_CLASS = YES_ERROR;
				CLANG_WARN_QUOTED_INCLUDE_IN_FRAMEWORK_HEADER = YES;
				CLANG_WARN_RANGE_LOOP_ANALYSIS = YES;
				CLANG_WARN_STRICT_PROTOTYPES = YES;
				CLANG_WARN_SUSPICIOUS_MOVE = YES;
				CLANG_WARN_UNGUARDED_AVAILABILITY = YES_AGGRESSIVE;
				CLANG_WARN_UNREACHABLE_CODE = YES;
				CLANG_WARN__DUPLICATE_METHOD_MATCH = YES;
				COPY_PHASE_STRIP = NO;
				DEBUG_INFORMATION_FORMAT = dwarf;
				ENABLE_STRICT_OBJC_MSGSEND = YES;
				ENABLE_TESTABILITY = YES;
				GCC_C_LANGUAGE_STANDARD = gnu11;
				GCC_DYNAMIC_NO_PIC = NO;
				GCC_NO_COMMON_BLOCKS = YES;
				GCC_OPTIMIZATION_LEVEL = 0;
				GCC_PREPROCESSOR_DEFINITIONS = (
					"DEBUG=1",
					"$(inherited)",
				);
				GCC_WARN_64_TO_32_BIT_CONVERSION = YES;
				GCC_WARN_ABOUT_RETURN_TYPE = YES_ERROR;
				GCC_WARN_UNDECLARED_SELECTOR = YES;
				GCC_WARN_UNINITIALIZED_AUTOS = YES_AGGRESSIVE;
				GCC_WARN_UNUSED_FUNCTION = YES;
				GCC_WARN_UNUSED_VARIABLE = YES;
				IPHONEOS_DEPLOYMENT_TARGET = 14.1;
				MTL_ENABLE_DEBUG_INFO = INCLUDE_SOURCE;
				MTL_FAST_MATH = YES;
				ONLY_ACTIVE_ARCH = YES;
				SDKROOT = iphoneos;
				SWIFT_ACTIVE_COMPILATION_CONDITIONS = DEBUG;
				SWIFT_OPTIMIZATION_LEVEL = "-Onone";
			};
			name = Debug;
		};
		F4E4576B2748B93800FDA8B3 /* Release */ = {
			isa = XCBuildConfiguration;
			buildSettings = {
				ALWAYS_SEARCH_USER_PATHS = NO;
				CLANG_ANALYZER_NONNULL = YES;
				CLANG_ANALYZER_NUMBER_OBJECT_CONVERSION = YES_AGGRESSIVE;
				CLANG_CXX_LANGUAGE_STANDARD = "gnu++14";
				CLANG_CXX_LIBRARY = "libc++";
				CLANG_ENABLE_MODULES = YES;
				CLANG_ENABLE_OBJC_ARC = YES;
				CLANG_ENABLE_OBJC_WEAK = YES;
				CLANG_WARN_BLOCK_CAPTURE_AUTORELEASING = YES;
				CLANG_WARN_BOOL_CONVERSION = YES;
				CLANG_WARN_COMMA = YES;
				CLANG_WARN_CONSTANT_CONVERSION = YES;
				CLANG_WARN_DEPRECATED_OBJC_IMPLEMENTATIONS = YES;
				CLANG_WARN_DIRECT_OBJC_ISA_USAGE = YES_ERROR;
				CLANG_WARN_DOCUMENTATION_COMMENTS = YES;
				CLANG_WARN_EMPTY_BODY = YES;
				CLANG_WARN_ENUM_CONVERSION = YES;
				CLANG_WARN_INFINITE_RECURSION = YES;
				CLANG_WARN_INT_CONVERSION = YES;
				CLANG_WARN_NON_LITERAL_NULL_CONVERSION = YES;
				CLANG_WARN_OBJC_IMPLICIT_RETAIN_SELF = YES;
				CLANG_WARN_OBJC_LITERAL_CONVERSION = YES;
				CLANG_WARN_OBJC_ROOT_CLASS = YES_ERROR;
				CLANG_WARN_QUOTED_INCLUDE_IN_FRAMEWORK_HEADER = YES;
				CLANG_WARN_RANGE_LOOP_ANALYSIS = YES;
				CLANG_WARN_STRICT_PROTOTYPES = YES;
				CLANG_WARN_SUSPICIOUS_MOVE = YES;
				CLANG_WARN_UNGUARDED_AVAILABILITY = YES_AGGRESSIVE;
				CLANG_WARN_UNREACHABLE_CODE = YES;
				CLANG_WARN__DUPLICATE_METHOD_MATCH = YES;
				COPY_PHASE_STRIP = NO;
				DEBUG_INFORMATION_FORMAT = "dwarf-with-dsym";
				ENABLE_NS_ASSERTIONS = NO;
				ENABLE_STRICT_OBJC_MSGSEND = YES;
				GCC_C_LANGUAGE_STANDARD = gnu11;
				GCC_NO_COMMON_BLOCKS = YES;
				GCC_WARN_64_TO_32_BIT_CONVERSION = YES;
				GCC_WARN_ABOUT_RETURN_TYPE = YES_ERROR;
				GCC_WARN_UNDECLARED_SELECTOR = YES;
				GCC_WARN_UNINITIALIZED_AUTOS = YES_AGGRESSIVE;
				GCC_WARN_UNUSED_FUNCTION = YES;
				GCC_WARN_UNUSED_VARIABLE = YES;
				IPHONEOS_DEPLOYMENT_TARGET = 14.1;
				MTL_ENABLE_DEBUG_INFO = NO;
				MTL_FAST_MATH = YES;
				SDKROOT = iphoneos;
				SWIFT_COMPILATION_MODE = wholemodule;
				SWIFT_OPTIMIZATION_LEVEL = "-O";
				VALIDATE_PRODUCT = YES;
			};
			name = Release;
		};
		F4E4576D2748B93800FDA8B3 /* Debug */ = {
			isa = XCBuildConfiguration;
			buildSettings = {
				ASSETCATALOG_COMPILER_APPICON_NAME = AppIcon;
				ASSETCATALOG_COMPILER_GLOBAL_ACCENT_COLOR_NAME = AccentColor;
				CODE_SIGN_STYLE = Automatic;
				DEVELOPMENT_ASSET_PATHS = "\"connectFour/Preview Content\"";
				ENABLE_PREVIEWS = YES;
				INFOPLIST_FILE = connectFour/Info.plist;
				IPHONEOS_DEPLOYMENT_TARGET = 14.0;
				LD_RUNPATH_SEARCH_PATHS = (
					"$(inherited)",
					"@executable_path/Frameworks",
				);
				PRODUCT_BUNDLE_IDENTIFIER = xfyu.connectFour;
				PRODUCT_NAME = "$(TARGET_NAME)";
				SWIFT_VERSION = 5.0;
				TARGETED_DEVICE_FAMILY = "1,2";
			};
			name = Debug;
		};
		F4E4576E2748B93800FDA8B3 /* Release */ = {
			isa = XCBuildConfiguration;
			buildSettings = {
				ASSETCATALOG_COMPILER_APPICON_NAME = AppIcon;
				ASSETCATALOG_COMPILER_GLOBAL_ACCENT_COLOR_NAME = AccentColor;
				CODE_SIGN_STYLE = Automatic;
				DEVELOPMENT_ASSET_PATHS = "\"connectFour/Preview Content\"";
				ENABLE_PREVIEWS = YES;
				INFOPLIST_FILE = connectFour/Info.plist;
				IPHONEOS_DEPLOYMENT_TARGET = 14.0;
				LD_RUNPATH_SEARCH_PATHS = (
					"$(inherited)",
					"@executable_path/Frameworks",
				);
				PRODUCT_BUNDLE_IDENTIFIER = xfyu.connectFour;
				PRODUCT_NAME = "$(TARGET_NAME)";
				SWIFT_VERSION = 5.0;
				TARGETED_DEVICE_FAMILY = "1,2";
			};
			name = Release;
		};
/* End XCBuildConfiguration section */

/* Begin XCConfigurationList section */
		F4E457582748B93700FDA8B3 /* Build configuration list for PBXProject "connectFour" */ = {
			isa = XCConfigurationList;
			buildConfigurations = (
				F4E4576A2748B93800FDA8B3 /* Debug */,
				F4E4576B2748B93800FDA8B3 /* Release */,
			);
			defaultConfigurationIsVisible = 0;
			defaultConfigurationName = Release;
		};
		F4E4576C2748B93800FDA8B3 /* Build configuration list for PBXNativeTarget "connectFour" */ = {
			isa = XCConfigurationList;
			buildConfigurations = (
				F4E4576D2748B93800FDA8B3 /* Debug */,
				F4E4576E2748B93800FDA8B3 /* Release */,
			);
			defaultConfigurationIsVisible = 0;
			defaultConfigurationName = Release;
		};
/* End XCConfigurationList section */
	};
	rootObject = F4E457552748B93700FDA8B3 /* Project object */;
}
